// !$*UTF8*$!
{
	archiveVersion = 1;
	classes = {
	};
	objectVersion = 50;
	objects = {

/* Begin PBXBuildFile section */
		1112324147E4663455DE635A /* Pods_BellTestAssignmentTests.framework in Frameworks */ = {isa = PBXBuildFile; fileRef = 3C58C7EC1A174F11001C6AC8 /* Pods_BellTestAssignmentTests.framework */; };
		4388DC4E9F970DFB3928C034 /* Pods_BellTestAssignmentUITests.framework in Frameworks */ = {isa = PBXBuildFile; fileRef = 414843837385C3457B759FEB /* Pods_BellTestAssignmentUITests.framework */; };
		637A822C4BDBEF01905D52E4 /* Pods_BellTestAssignment.framework in Frameworks */ = {isa = PBXBuildFile; fileRef = C9E436775B8898198C011330 /* Pods_BellTestAssignment.framework */; };
		9301B95B235329A400E4FE93 /* SearchViewController.swift in Sources */ = {isa = PBXBuildFile; fileRef = 9301B959235329A400E4FE93 /* SearchViewController.swift */; };
		9301B95C235329A400E4FE93 /* SearchViewController.xib in Resources */ = {isa = PBXBuildFile; fileRef = 9301B95A235329A400E4FE93 /* SearchViewController.xib */; };
		9301B95E2353331D00E4FE93 /* SearchViewModel.swift in Sources */ = {isa = PBXBuildFile; fileRef = 9301B95D2353331D00E4FE93 /* SearchViewModel.swift */; };
		9301B9602353338400E4FE93 /* SearchModel.swift in Sources */ = {isa = PBXBuildFile; fileRef = 9301B95F2353338400E4FE93 /* SearchModel.swift */; };
		9301B96323534D7A00E4FE93 /* SearchTableDataSource.swift in Sources */ = {isa = PBXBuildFile; fileRef = 9301B96223534D7A00E4FE93 /* SearchTableDataSource.swift */; };
		9301B967235350F100E4FE93 /* TweetwCell.swift in Sources */ = {isa = PBXBuildFile; fileRef = 9301B965235350F100E4FE93 /* TweetwCell.swift */; };
		9301B968235350F100E4FE93 /* TweetwCell.xib in Resources */ = {isa = PBXBuildFile; fileRef = 9301B966235350F100E4FE93 /* TweetwCell.xib */; };
		9301B96A235357D000E4FE93 /* UITableViewCell+ReuseId.swift in Sources */ = {isa = PBXBuildFile; fileRef = 9301B969235357D000E4FE93 /* UITableViewCell+ReuseId.swift */; };
		9301B96C2353673B00E4FE93 /* String+Ext.swift in Sources */ = {isa = PBXBuildFile; fileRef = 9301B96B2353673B00E4FE93 /* String+Ext.swift */; };
		9301B96E235398C700E4FE93 /* LoginCoordinator.swift in Sources */ = {isa = PBXBuildFile; fileRef = 9301B96D235398C700E4FE93 /* LoginCoordinator.swift */; };
		9301B9722353994600E4FE93 /* LoginViewController.swift in Sources */ = {isa = PBXBuildFile; fileRef = 9301B9702353994600E4FE93 /* LoginViewController.swift */; };
		9301B9732353994600E4FE93 /* LoginViewController.xib in Resources */ = {isa = PBXBuildFile; fileRef = 9301B9712353994600E4FE93 /* LoginViewController.xib */; };
		9301B97523546AD600E4FE93 /* NSObject+ClassName.swift in Sources */ = {isa = PBXBuildFile; fileRef = 9301B97423546AD600E4FE93 /* NSObject+ClassName.swift */; };
		9301B97723546C6300E4FE93 /* Data+Parsing.swift in Sources */ = {isa = PBXBuildFile; fileRef = 9301B97623546C6300E4FE93 /* Data+Parsing.swift */; };
		9301B97923546CF400E4FE93 /* TWTRTweet+Parsing.swift in Sources */ = {isa = PBXBuildFile; fileRef = 9301B97823546CF400E4FE93 /* TWTRTweet+Parsing.swift */; };
		9301B97B23546D1F00E4FE93 /* NSError+CustomErrors.swift in Sources */ = {isa = PBXBuildFile; fileRef = 9301B97A23546D1F00E4FE93 /* NSError+CustomErrors.swift */; };
		9301B97D23546D5100E4FE93 /* SearchMetaData.swift in Sources */ = {isa = PBXBuildFile; fileRef = 9301B97C23546D5100E4FE93 /* SearchMetaData.swift */; };
		9301B97F23546DC600E4FE93 /* RadiusSearchResponse.swift in Sources */ = {isa = PBXBuildFile; fileRef = 9301B97E23546DC600E4FE93 /* RadiusSearchResponse.swift */; };
		93CE75AD2351CA0B00BDF877 /* BaseViewController.swift in Sources */ = {isa = PBXBuildFile; fileRef = 93CE75AC2351CA0B00BDF877 /* BaseViewController.swift */; };
		93CE75B02351CB9A00BDF877 /* AppCoordinator.swift in Sources */ = {isa = PBXBuildFile; fileRef = 93CE75AF2351CB9A00BDF877 /* AppCoordinator.swift */; };
		93CE75B32351D0FF00BDF877 /* Constants.swift in Sources */ = {isa = PBXBuildFile; fileRef = 93CE75B22351D0FF00BDF877 /* Constants.swift */; };
		93CE75BA2352011100BDF877 /* (null) in Embed Frameworks */ = {isa = PBXBuildFile; settings = {ATTRIBUTES = (RemoveHeadersOnCopy, ); }; };
		93CE75BD235203AF00BDF877 /* LocationManager.swift in Sources */ = {isa = PBXBuildFile; fileRef = 93CE75BC235203AF00BDF877 /* LocationManager.swift */; };
		93CE75BF235207D900BDF877 /* TweetSearchService.swift in Sources */ = {isa = PBXBuildFile; fileRef = 93CE75BE235207D900BDF877 /* TweetSearchService.swift */; };
		93CE75C223521D6300BDF877 /* Place.swift in Sources */ = {isa = PBXBuildFile; fileRef = 93CE75C123521D6300BDF877 /* Place.swift */; };
		93CE75C423521F1400BDF877 /* Tweet.swift in Sources */ = {isa = PBXBuildFile; fileRef = 93CE75C323521F1400BDF877 /* Tweet.swift */; };
		93CE75C72352266B00BDF877 /* MapView+Tweet.swift in Sources */ = {isa = PBXBuildFile; fileRef = 93CE75C62352266B00BDF877 /* MapView+Tweet.swift */; };
		93CE75CB235260AC00BDF877 /* DetailViewController.swift in Sources */ = {isa = PBXBuildFile; fileRef = 93CE75C9235260AC00BDF877 /* DetailViewController.swift */; };
		93CE75CC235260AC00BDF877 /* DetailViewController.xib in Resources */ = {isa = PBXBuildFile; fileRef = 93CE75CA235260AC00BDF877 /* DetailViewController.xib */; };
		93CE75CE235261E000BDF877 /* DetailViewModel.swift in Sources */ = {isa = PBXBuildFile; fileRef = 93CE75CD235261E000BDF877 /* DetailViewModel.swift */; };
		93CE75D02352623C00BDF877 /* DetailModel.swift in Sources */ = {isa = PBXBuildFile; fileRef = 93CE75CF2352623C00BDF877 /* DetailModel.swift */; };
		93CE75D22352733700BDF877 /* UIImageView+URL.swift in Sources */ = {isa = PBXBuildFile; fileRef = 93CE75D12352733700BDF877 /* UIImageView+URL.swift */; };
		93EBDB7F235474B700CDEE65 /* TWTRAPIClient+PTwitterClient.swift in Sources */ = {isa = PBXBuildFile; fileRef = 93EBDB7E235474B700CDEE65 /* TWTRAPIClient+PTwitterClient.swift */; };
		93EBDB822354779000CDEE65 /* Response.swift in Sources */ = {isa = PBXBuildFile; fileRef = 93EBDB812354779000CDEE65 /* Response.swift */; };
		93FED18C2351B3AC0022D610 /* AppDelegate.swift in Sources */ = {isa = PBXBuildFile; fileRef = 93FED18B2351B3AC0022D610 /* AppDelegate.swift */; };
		93FED1952351B3AE0022D610 /* Assets.xcassets in Resources */ = {isa = PBXBuildFile; fileRef = 93FED1942351B3AE0022D610 /* Assets.xcassets */; };
		93FED1982351B3AE0022D610 /* LaunchScreen.storyboard in Resources */ = {isa = PBXBuildFile; fileRef = 93FED1962351B3AE0022D610 /* LaunchScreen.storyboard */; };
		93FED1A32351B3AE0022D610 /* BellTestAssignmentTests.swift in Sources */ = {isa = PBXBuildFile; fileRef = 93FED1A22351B3AE0022D610 /* BellTestAssignmentTests.swift */; };
		93FED1AE2351B3AE0022D610 /* BellTestAssignmentUITests.swift in Sources */ = {isa = PBXBuildFile; fileRef = 93FED1AD2351B3AE0022D610 /* BellTestAssignmentUITests.swift */; };
		93FED1C32351BDF30022D610 /* MapViewController.swift in Sources */ = {isa = PBXBuildFile; fileRef = 93FED1C12351BDF30022D610 /* MapViewController.swift */; };
		93FED1C42351BDF30022D610 /* MapViewController.xib in Resources */ = {isa = PBXBuildFile; fileRef = 93FED1C22351BDF30022D610 /* MapViewController.xib */; };
		93FED1C62351BF110022D610 /* MapViewModel.swift in Sources */ = {isa = PBXBuildFile; fileRef = 93FED1C52351BF110022D610 /* MapViewModel.swift */; };
		93FED1C82351BF1F0022D610 /* MapModel.swift in Sources */ = {isa = PBXBuildFile; fileRef = 93FED1C72351BF1F0022D610 /* MapModel.swift */; };
/* End PBXBuildFile section */

/* Begin PBXContainerItemProxy section */
		93FED19F2351B3AE0022D610 /* PBXContainerItemProxy */ = {
			isa = PBXContainerItemProxy;
			containerPortal = 93FED1802351B3AC0022D610 /* Project object */;
			proxyType = 1;
			remoteGlobalIDString = 93FED1872351B3AC0022D610;
			remoteInfo = BellTestAssignment;
		};
		93FED1AA2351B3AE0022D610 /* PBXContainerItemProxy */ = {
			isa = PBXContainerItemProxy;
			containerPortal = 93FED1802351B3AC0022D610 /* Project object */;
			proxyType = 1;
			remoteGlobalIDString = 93FED1872351B3AC0022D610;
			remoteInfo = BellTestAssignment;
		};
/* End PBXContainerItemProxy section */

/* Begin PBXCopyFilesBuildPhase section */
		93CE75BB2352011100BDF877 /* Embed Frameworks */ = {
			isa = PBXCopyFilesBuildPhase;
			buildActionMask = 2147483647;
			dstPath = "";
			dstSubfolderSpec = 10;
			files = (
				93CE75BA2352011100BDF877 /* (null) in Embed Frameworks */,
			);
			name = "Embed Frameworks";
			runOnlyForDeploymentPostprocessing = 0;
		};
/* End PBXCopyFilesBuildPhase section */

/* Begin PBXFileReference section */
		264D30BB9BE2E57799DA3B1D /* Pods-BellTestAssignmentTests.release.xcconfig */ = {isa = PBXFileReference; includeInIndex = 1; lastKnownFileType = text.xcconfig; name = "Pods-BellTestAssignmentTests.release.xcconfig"; path = "Pods/Target Support Files/Pods-BellTestAssignmentTests/Pods-BellTestAssignmentTests.release.xcconfig"; sourceTree = "<group>"; };
		3C58C7EC1A174F11001C6AC8 /* Pods_BellTestAssignmentTests.framework */ = {isa = PBXFileReference; explicitFileType = wrapper.framework; includeInIndex = 0; path = Pods_BellTestAssignmentTests.framework; sourceTree = BUILT_PRODUCTS_DIR; };
		3DB73A1DDF8A34807D4D9FDE /* Pods-BellTestAssignmentUITests.release.xcconfig */ = {isa = PBXFileReference; includeInIndex = 1; lastKnownFileType = text.xcconfig; name = "Pods-BellTestAssignmentUITests.release.xcconfig"; path = "Pods/Target Support Files/Pods-BellTestAssignmentUITests/Pods-BellTestAssignmentUITests.release.xcconfig"; sourceTree = "<group>"; };
		414843837385C3457B759FEB /* Pods_BellTestAssignmentUITests.framework */ = {isa = PBXFileReference; explicitFileType = wrapper.framework; includeInIndex = 0; path = Pods_BellTestAssignmentUITests.framework; sourceTree = BUILT_PRODUCTS_DIR; };
		41CA59BBC5D4938BC92D6ACC /* Pods-BellTestAssignmentTests.debug.xcconfig */ = {isa = PBXFileReference; includeInIndex = 1; lastKnownFileType = text.xcconfig; name = "Pods-BellTestAssignmentTests.debug.xcconfig"; path = "Pods/Target Support Files/Pods-BellTestAssignmentTests/Pods-BellTestAssignmentTests.debug.xcconfig"; sourceTree = "<group>"; };
		9301B959235329A400E4FE93 /* SearchViewController.swift */ = {isa = PBXFileReference; lastKnownFileType = sourcecode.swift; path = SearchViewController.swift; sourceTree = "<group>"; };
		9301B95A235329A400E4FE93 /* SearchViewController.xib */ = {isa = PBXFileReference; lastKnownFileType = file.xib; path = SearchViewController.xib; sourceTree = "<group>"; };
		9301B95D2353331D00E4FE93 /* SearchViewModel.swift */ = {isa = PBXFileReference; lastKnownFileType = sourcecode.swift; path = SearchViewModel.swift; sourceTree = "<group>"; };
		9301B95F2353338400E4FE93 /* SearchModel.swift */ = {isa = PBXFileReference; lastKnownFileType = sourcecode.swift; path = SearchModel.swift; sourceTree = "<group>"; };
		9301B96223534D7A00E4FE93 /* SearchTableDataSource.swift */ = {isa = PBXFileReference; lastKnownFileType = sourcecode.swift; path = SearchTableDataSource.swift; sourceTree = "<group>"; };
		9301B965235350F100E4FE93 /* TweetwCell.swift */ = {isa = PBXFileReference; lastKnownFileType = sourcecode.swift; path = TweetwCell.swift; sourceTree = "<group>"; };
		9301B966235350F100E4FE93 /* TweetwCell.xib */ = {isa = PBXFileReference; lastKnownFileType = file.xib; path = TweetwCell.xib; sourceTree = "<group>"; };
		9301B969235357D000E4FE93 /* UITableViewCell+ReuseId.swift */ = {isa = PBXFileReference; lastKnownFileType = sourcecode.swift; path = "UITableViewCell+ReuseId.swift"; sourceTree = "<group>"; };
		9301B96B2353673B00E4FE93 /* String+Ext.swift */ = {isa = PBXFileReference; lastKnownFileType = sourcecode.swift; path = "String+Ext.swift"; sourceTree = "<group>"; };
		9301B96D235398C700E4FE93 /* LoginCoordinator.swift */ = {isa = PBXFileReference; lastKnownFileType = sourcecode.swift; path = LoginCoordinator.swift; sourceTree = "<group>"; };
		9301B9702353994600E4FE93 /* LoginViewController.swift */ = {isa = PBXFileReference; lastKnownFileType = sourcecode.swift; path = LoginViewController.swift; sourceTree = "<group>"; };
		9301B9712353994600E4FE93 /* LoginViewController.xib */ = {isa = PBXFileReference; lastKnownFileType = file.xib; path = LoginViewController.xib; sourceTree = "<group>"; };
		9301B97423546AD600E4FE93 /* NSObject+ClassName.swift */ = {isa = PBXFileReference; lastKnownFileType = sourcecode.swift; path = "NSObject+ClassName.swift"; sourceTree = "<group>"; };
		9301B97623546C6300E4FE93 /* Data+Parsing.swift */ = {isa = PBXFileReference; lastKnownFileType = sourcecode.swift; path = "Data+Parsing.swift"; sourceTree = "<group>"; };
		9301B97823546CF400E4FE93 /* TWTRTweet+Parsing.swift */ = {isa = PBXFileReference; lastKnownFileType = sourcecode.swift; path = "TWTRTweet+Parsing.swift"; sourceTree = "<group>"; };
		9301B97A23546D1F00E4FE93 /* NSError+CustomErrors.swift */ = {isa = PBXFileReference; lastKnownFileType = sourcecode.swift; path = "NSError+CustomErrors.swift"; sourceTree = "<group>"; };
		9301B97C23546D5100E4FE93 /* SearchMetaData.swift */ = {isa = PBXFileReference; lastKnownFileType = sourcecode.swift; path = SearchMetaData.swift; sourceTree = "<group>"; };
		9301B97E23546DC600E4FE93 /* RadiusSearchResponse.swift */ = {isa = PBXFileReference; lastKnownFileType = sourcecode.swift; path = RadiusSearchResponse.swift; sourceTree = "<group>"; };
		93CE75AC2351CA0B00BDF877 /* BaseViewController.swift */ = {isa = PBXFileReference; lastKnownFileType = sourcecode.swift; path = BaseViewController.swift; sourceTree = "<group>"; };
		93CE75AF2351CB9A00BDF877 /* AppCoordinator.swift */ = {isa = PBXFileReference; lastKnownFileType = sourcecode.swift; path = AppCoordinator.swift; sourceTree = "<group>"; };
		93CE75B22351D0FF00BDF877 /* Constants.swift */ = {isa = PBXFileReference; lastKnownFileType = sourcecode.swift; path = Constants.swift; sourceTree = "<group>"; };
		93CE75BC235203AF00BDF877 /* LocationManager.swift */ = {isa = PBXFileReference; lastKnownFileType = sourcecode.swift; path = LocationManager.swift; sourceTree = "<group>"; };
		93CE75BE235207D900BDF877 /* TweetSearchService.swift */ = {isa = PBXFileReference; lastKnownFileType = sourcecode.swift; path = TweetSearchService.swift; sourceTree = "<group>"; };
		93CE75C123521D6300BDF877 /* Place.swift */ = {isa = PBXFileReference; lastKnownFileType = sourcecode.swift; path = Place.swift; sourceTree = "<group>"; };
		93CE75C323521F1400BDF877 /* Tweet.swift */ = {isa = PBXFileReference; lastKnownFileType = sourcecode.swift; path = Tweet.swift; sourceTree = "<group>"; };
		93CE75C62352266B00BDF877 /* MapView+Tweet.swift */ = {isa = PBXFileReference; lastKnownFileType = sourcecode.swift; path = "MapView+Tweet.swift"; sourceTree = "<group>"; };
		93CE75C9235260AC00BDF877 /* DetailViewController.swift */ = {isa = PBXFileReference; lastKnownFileType = sourcecode.swift; path = DetailViewController.swift; sourceTree = "<group>"; };
		93CE75CA235260AC00BDF877 /* DetailViewController.xib */ = {isa = PBXFileReference; lastKnownFileType = file.xib; path = DetailViewController.xib; sourceTree = "<group>"; };
		93CE75CD235261E000BDF877 /* DetailViewModel.swift */ = {isa = PBXFileReference; lastKnownFileType = sourcecode.swift; path = DetailViewModel.swift; sourceTree = "<group>"; };
		93CE75CF2352623C00BDF877 /* DetailModel.swift */ = {isa = PBXFileReference; lastKnownFileType = sourcecode.swift; path = DetailModel.swift; sourceTree = "<group>"; };
		93CE75D12352733700BDF877 /* UIImageView+URL.swift */ = {isa = PBXFileReference; lastKnownFileType = sourcecode.swift; path = "UIImageView+URL.swift"; sourceTree = "<group>"; };
		93EBDB7E235474B700CDEE65 /* TWTRAPIClient+PTwitterClient.swift */ = {isa = PBXFileReference; lastKnownFileType = sourcecode.swift; path = "TWTRAPIClient+PTwitterClient.swift"; sourceTree = "<group>"; };
		93EBDB812354779000CDEE65 /* Response.swift */ = {isa = PBXFileReference; lastKnownFileType = sourcecode.swift; path = Response.swift; sourceTree = "<group>"; };
		93EBDB832354D7A900CDEE65 /* README.md */ = {isa = PBXFileReference; lastKnownFileType = net.daringfireball.markdown; path = README.md; sourceTree = "<group>"; };
		93FED1882351B3AC0022D610 /* Bell Test App.app */ = {isa = PBXFileReference; explicitFileType = wrapper.application; includeInIndex = 0; path = "Bell Test App.app"; sourceTree = BUILT_PRODUCTS_DIR; };
		93FED18B2351B3AC0022D610 /* AppDelegate.swift */ = {isa = PBXFileReference; lastKnownFileType = sourcecode.swift; path = AppDelegate.swift; sourceTree = "<group>"; };
		93FED1942351B3AE0022D610 /* Assets.xcassets */ = {isa = PBXFileReference; lastKnownFileType = folder.assetcatalog; path = Assets.xcassets; sourceTree = "<group>"; };
		93FED1972351B3AE0022D610 /* Base */ = {isa = PBXFileReference; lastKnownFileType = file.storyboard; name = Base; path = Base.lproj/LaunchScreen.storyboard; sourceTree = "<group>"; };
		93FED1992351B3AE0022D610 /* Info.plist */ = {isa = PBXFileReference; lastKnownFileType = text.plist.xml; path = Info.plist; sourceTree = "<group>"; };
		93FED19E2351B3AE0022D610 /* BellTestAssignmentTests.xctest */ = {isa = PBXFileReference; explicitFileType = wrapper.cfbundle; includeInIndex = 0; path = BellTestAssignmentTests.xctest; sourceTree = BUILT_PRODUCTS_DIR; };
		93FED1A22351B3AE0022D610 /* BellTestAssignmentTests.swift */ = {isa = PBXFileReference; lastKnownFileType = sourcecode.swift; path = BellTestAssignmentTests.swift; sourceTree = "<group>"; };
		93FED1A42351B3AE0022D610 /* Info.plist */ = {isa = PBXFileReference; lastKnownFileType = text.plist.xml; path = Info.plist; sourceTree = "<group>"; };
		93FED1A92351B3AE0022D610 /* BellTestAssignmentUITests.xctest */ = {isa = PBXFileReference; explicitFileType = wrapper.cfbundle; includeInIndex = 0; path = BellTestAssignmentUITests.xctest; sourceTree = BUILT_PRODUCTS_DIR; };
		93FED1AD2351B3AE0022D610 /* BellTestAssignmentUITests.swift */ = {isa = PBXFileReference; lastKnownFileType = sourcecode.swift; path = BellTestAssignmentUITests.swift; sourceTree = "<group>"; };
		93FED1AF2351B3AE0022D610 /* Info.plist */ = {isa = PBXFileReference; lastKnownFileType = text.plist.xml; path = Info.plist; sourceTree = "<group>"; };
		93FED1C12351BDF30022D610 /* MapViewController.swift */ = {isa = PBXFileReference; lastKnownFileType = sourcecode.swift; path = MapViewController.swift; sourceTree = "<group>"; };
		93FED1C22351BDF30022D610 /* MapViewController.xib */ = {isa = PBXFileReference; lastKnownFileType = file.xib; path = MapViewController.xib; sourceTree = "<group>"; };
		93FED1C52351BF110022D610 /* MapViewModel.swift */ = {isa = PBXFileReference; lastKnownFileType = sourcecode.swift; path = MapViewModel.swift; sourceTree = "<group>"; };
		93FED1C72351BF1F0022D610 /* MapModel.swift */ = {isa = PBXFileReference; lastKnownFileType = sourcecode.swift; path = MapModel.swift; sourceTree = "<group>"; };
		B4F05924782443C16C6C80FA /* Pods-BellTestAssignment.debug.xcconfig */ = {isa = PBXFileReference; includeInIndex = 1; lastKnownFileType = text.xcconfig; name = "Pods-BellTestAssignment.debug.xcconfig"; path = "Pods/Target Support Files/Pods-BellTestAssignment/Pods-BellTestAssignment.debug.xcconfig"; sourceTree = "<group>"; };
		B6B50F11FEADCD0710D74D35 /* Pods-BellTestAssignment.release.xcconfig */ = {isa = PBXFileReference; includeInIndex = 1; lastKnownFileType = text.xcconfig; name = "Pods-BellTestAssignment.release.xcconfig"; path = "Pods/Target Support Files/Pods-BellTestAssignment/Pods-BellTestAssignment.release.xcconfig"; sourceTree = "<group>"; };
		C9E436775B8898198C011330 /* Pods_BellTestAssignment.framework */ = {isa = PBXFileReference; explicitFileType = wrapper.framework; includeInIndex = 0; path = Pods_BellTestAssignment.framework; sourceTree = BUILT_PRODUCTS_DIR; };
		E82D7D1F1D43D00A1F598031 /* Pods-BellTestAssignmentUITests.debug.xcconfig */ = {isa = PBXFileReference; includeInIndex = 1; lastKnownFileType = text.xcconfig; name = "Pods-BellTestAssignmentUITests.debug.xcconfig"; path = "Pods/Target Support Files/Pods-BellTestAssignmentUITests/Pods-BellTestAssignmentUITests.debug.xcconfig"; sourceTree = "<group>"; };
/* End PBXFileReference section */

/* Begin PBXFrameworksBuildPhase section */
		93FED1852351B3AC0022D610 /* Frameworks */ = {
			isa = PBXFrameworksBuildPhase;
			buildActionMask = 2147483647;
			files = (
				637A822C4BDBEF01905D52E4 /* Pods_BellTestAssignment.framework in Frameworks */,
			);
			runOnlyForDeploymentPostprocessing = 0;
		};
		93FED19B2351B3AE0022D610 /* Frameworks */ = {
			isa = PBXFrameworksBuildPhase;
			buildActionMask = 2147483647;
			files = (
				1112324147E4663455DE635A /* Pods_BellTestAssignmentTests.framework in Frameworks */,
			);
			runOnlyForDeploymentPostprocessing = 0;
		};
		93FED1A62351B3AE0022D610 /* Frameworks */ = {
			isa = PBXFrameworksBuildPhase;
			buildActionMask = 2147483647;
			files = (
				4388DC4E9F970DFB3928C034 /* Pods_BellTestAssignmentUITests.framework in Frameworks */,
			);
			runOnlyForDeploymentPostprocessing = 0;
		};
/* End PBXFrameworksBuildPhase section */

/* Begin PBXGroup section */
		1C0E88CD2EA48B00F4D4FC89 /* Frameworks */ = {
			isa = PBXGroup;
			children = (
				C9E436775B8898198C011330 /* Pods_BellTestAssignment.framework */,
				3C58C7EC1A174F11001C6AC8 /* Pods_BellTestAssignmentTests.framework */,
				414843837385C3457B759FEB /* Pods_BellTestAssignmentUITests.framework */,
			);
			name = Frameworks;
			sourceTree = "<group>";
		};
		701E177E955191F7B80F09B1 /* Pods */ = {
			isa = PBXGroup;
			children = (
				B4F05924782443C16C6C80FA /* Pods-BellTestAssignment.debug.xcconfig */,
				B6B50F11FEADCD0710D74D35 /* Pods-BellTestAssignment.release.xcconfig */,
				41CA59BBC5D4938BC92D6ACC /* Pods-BellTestAssignmentTests.debug.xcconfig */,
				264D30BB9BE2E57799DA3B1D /* Pods-BellTestAssignmentTests.release.xcconfig */,
				E82D7D1F1D43D00A1F598031 /* Pods-BellTestAssignmentUITests.debug.xcconfig */,
				3DB73A1DDF8A34807D4D9FDE /* Pods-BellTestAssignmentUITests.release.xcconfig */,
			);
			name = Pods;
			sourceTree = "<group>";
		};
		9301B9582353298800E4FE93 /* Search */ = {
			isa = PBXGroup;
			children = (
				9301B964235350D100E4FE93 /* Cell */,
				9301B96123534D5E00E4FE93 /* DataSource */,
				9301B959235329A400E4FE93 /* SearchViewController.swift */,
				9301B95A235329A400E4FE93 /* SearchViewController.xib */,
				9301B95D2353331D00E4FE93 /* SearchViewModel.swift */,
				9301B95F2353338400E4FE93 /* SearchModel.swift */,
			);
			path = Search;
			sourceTree = "<group>";
		};
		9301B96123534D5E00E4FE93 /* DataSource */ = {
			isa = PBXGroup;
			children = (
				9301B96223534D7A00E4FE93 /* SearchTableDataSource.swift */,
			);
			path = DataSource;
			sourceTree = "<group>";
		};
		9301B964235350D100E4FE93 /* Cell */ = {
			isa = PBXGroup;
			children = (
				9301B965235350F100E4FE93 /* TweetwCell.swift */,
				9301B966235350F100E4FE93 /* TweetwCell.xib */,
			);
			path = Cell;
			sourceTree = "<group>";
		};
		9301B96F2353992C00E4FE93 /* Login */ = {
			isa = PBXGroup;
			children = (
				9301B9702353994600E4FE93 /* LoginViewController.swift */,
				9301B9712353994600E4FE93 /* LoginViewController.xib */,
			);
			path = Login;
			sourceTree = "<group>";
		};
		93CE75AB2351C9EF00BDF877 /* BaseViewControllers */ = {
			isa = PBXGroup;
			children = (
				93CE75AC2351CA0B00BDF877 /* BaseViewController.swift */,
			);
			path = BaseViewControllers;
			sourceTree = "<group>";
		};
		93CE75AE2351CB8B00BDF877 /* Coordinators */ = {
			isa = PBXGroup;
			children = (
				93CE75AF2351CB9A00BDF877 /* AppCoordinator.swift */,
				9301B96D235398C700E4FE93 /* LoginCoordinator.swift */,
			);
			path = Coordinators;
			sourceTree = "<group>";
		};
		93CE75B12351D0F400BDF877 /* Constants */ = {
			isa = PBXGroup;
			children = (
				93CE75B22351D0FF00BDF877 /* Constants.swift */,
			);
			path = Constants;
			sourceTree = "<group>";
		};
		93CE75B42351D6AE00BDF877 /* Services */ = {
			isa = PBXGroup;
			children = (
				93CE75BC235203AF00BDF877 /* LocationManager.swift */,
				93CE75BE235207D900BDF877 /* TweetSearchService.swift */,
			);
			path = Services;
			sourceTree = "<group>";
		};
		93CE75C023521D5100BDF877 /* Decodable */ = {
			isa = PBXGroup;
			children = (
				93CE75C123521D6300BDF877 /* Place.swift */,
				93CE75C323521F1400BDF877 /* Tweet.swift */,
				9301B97C23546D5100E4FE93 /* SearchMetaData.swift */,
				9301B97E23546DC600E4FE93 /* RadiusSearchResponse.swift */,
			);
			path = Decodable;
			sourceTree = "<group>";
		};
		93CE75C52352265600BDF877 /* Extensions */ = {
			isa = PBXGroup;
			children = (
				93EBDB7B2354746D00CDEE65 /* Views */,
				93EBDB7C2354748600CDEE65 /* Foundation */,
				93EBDB7D2354749700CDEE65 /* TwitterKit */,
			);
			path = Extensions;
			sourceTree = "<group>";
		};
		93CE75C82352608C00BDF877 /* Detail */ = {
			isa = PBXGroup;
			children = (
				93CE75C9235260AC00BDF877 /* DetailViewController.swift */,
				93CE75CA235260AC00BDF877 /* DetailViewController.xib */,
				93CE75CD235261E000BDF877 /* DetailViewModel.swift */,
				93CE75CF2352623C00BDF877 /* DetailModel.swift */,
			);
			path = Detail;
			sourceTree = "<group>";
		};
		93EBDB7B2354746D00CDEE65 /* Views */ = {
			isa = PBXGroup;
			children = (
				93CE75C62352266B00BDF877 /* MapView+Tweet.swift */,
				93CE75D12352733700BDF877 /* UIImageView+URL.swift */,
				9301B969235357D000E4FE93 /* UITableViewCell+ReuseId.swift */,
			);
			path = Views;
			sourceTree = "<group>";
		};
		93EBDB7C2354748600CDEE65 /* Foundation */ = {
			isa = PBXGroup;
			children = (
				9301B96B2353673B00E4FE93 /* String+Ext.swift */,
				9301B97423546AD600E4FE93 /* NSObject+ClassName.swift */,
				9301B97623546C6300E4FE93 /* Data+Parsing.swift */,
				9301B97A23546D1F00E4FE93 /* NSError+CustomErrors.swift */,
			);
			path = Foundation;
			sourceTree = "<group>";
		};
		93EBDB7D2354749700CDEE65 /* TwitterKit */ = {
			isa = PBXGroup;
			children = (
				9301B97823546CF400E4FE93 /* TWTRTweet+Parsing.swift */,
				93EBDB7E235474B700CDEE65 /* TWTRAPIClient+PTwitterClient.swift */,
			);
			path = TwitterKit;
			sourceTree = "<group>";
		};
		93EBDB802354778300CDEE65 /* Helpers */ = {
			isa = PBXGroup;
			children = (
				93EBDB812354779000CDEE65 /* Response.swift */,
			);
			path = Helpers;
			sourceTree = "<group>";
		};
		93EBDB842354DE1700CDEE65 /* BaseClasses */ = {
			isa = PBXGroup;
			children = (
				93CE75AB2351C9EF00BDF877 /* BaseViewControllers */,
			);
			path = BaseClasses;
			sourceTree = "<group>";
		};
		93FED17F2351B3AC0022D610 = {
			isa = PBXGroup;
			children = (
				93EBDB832354D7A900CDEE65 /* README.md */,
				93FED18A2351B3AC0022D610 /* BellTestAssignment */,
				93FED1A12351B3AE0022D610 /* BellTestAssignmentTests */,
				93FED1AC2351B3AE0022D610 /* BellTestAssignmentUITests */,
				93FED1892351B3AC0022D610 /* Products */,
				701E177E955191F7B80F09B1 /* Pods */,
				1C0E88CD2EA48B00F4D4FC89 /* Frameworks */,
			);
			sourceTree = "<group>";
		};
		93FED1892351B3AC0022D610 /* Products */ = {
			isa = PBXGroup;
			children = (
				93FED1882351B3AC0022D610 /* Bell Test App.app */,
				93FED19E2351B3AE0022D610 /* BellTestAssignmentTests.xctest */,
				93FED1A92351B3AE0022D610 /* BellTestAssignmentUITests.xctest */,
			);
			name = Products;
			sourceTree = "<group>";
		};
		93FED18A2351B3AC0022D610 /* BellTestAssignment */ = {
			isa = PBXGroup;
			children = (
				93EBDB802354778300CDEE65 /* Helpers */,
				93CE75C023521D5100BDF877 /* Decodable */,
				93CE75B42351D6AE00BDF877 /* Services */,
				93CE75C52352265600BDF877 /* Extensions */,
				93EBDB842354DE1700CDEE65 /* BaseClasses */,
				93CE75AE2351CB8B00BDF877 /* Coordinators */,
				93FED1BE2351BDA20022D610 /* UIModules */,
				93FED1992351B3AE0022D610 /* Info.plist */,
				93FED1BB2351BD520022D610 /* SupportFiles */,
				93FED1BD2351BD900022D610 /* AppDelegate */,
				93CE75B12351D0F400BDF877 /* Constants */,
				93FED1BC2351BD670022D610 /* SceneDelegate */,
			);
			path = BellTestAssignment;
			sourceTree = "<group>";
		};
		93FED1A12351B3AE0022D610 /* BellTestAssignmentTests */ = {
			isa = PBXGroup;
			children = (
				93FED1A22351B3AE0022D610 /* BellTestAssignmentTests.swift */,
				93FED1A42351B3AE0022D610 /* Info.plist */,
			);
			path = BellTestAssignmentTests;
			sourceTree = "<group>";
		};
		93FED1AC2351B3AE0022D610 /* BellTestAssignmentUITests */ = {
			isa = PBXGroup;
			children = (
				93FED1AD2351B3AE0022D610 /* BellTestAssignmentUITests.swift */,
				93FED1AF2351B3AE0022D610 /* Info.plist */,
			);
			path = BellTestAssignmentUITests;
			sourceTree = "<group>";
		};
		93FED1BB2351BD520022D610 /* SupportFiles */ = {
			isa = PBXGroup;
			children = (
				93FED1942351B3AE0022D610 /* Assets.xcassets */,
				93FED1962351B3AE0022D610 /* LaunchScreen.storyboard */,
			);
			path = SupportFiles;
			sourceTree = "<group>";
		};
		93FED1BC2351BD670022D610 /* SceneDelegate */ = {
			isa = PBXGroup;
			children = (
			);
			path = SceneDelegate;
			sourceTree = "<group>";
		};
		93FED1BD2351BD900022D610 /* AppDelegate */ = {
			isa = PBXGroup;
			children = (
				93FED18B2351B3AC0022D610 /* AppDelegate.swift */,
			);
			path = AppDelegate;
			sourceTree = "<group>";
		};
		93FED1BE2351BDA20022D610 /* UIModules */ = {
			isa = PBXGroup;
			children = (
				9301B96F2353992C00E4FE93 /* Login */,
				9301B9582353298800E4FE93 /* Search */,
				93FED1C02351BDC00022D610 /* Map */,
				93CE75C82352608C00BDF877 /* Detail */,
			);
			path = UIModules;
			sourceTree = "<group>";
		};
		93FED1C02351BDC00022D610 /* Map */ = {
			isa = PBXGroup;
			children = (
				93FED1C12351BDF30022D610 /* MapViewController.swift */,
				93FED1C22351BDF30022D610 /* MapViewController.xib */,
				93FED1C52351BF110022D610 /* MapViewModel.swift */,
				93FED1C72351BF1F0022D610 /* MapModel.swift */,
			);
			path = Map;
			sourceTree = "<group>";
		};
/* End PBXGroup section */

/* Begin PBXNativeTarget section */
		93FED1872351B3AC0022D610 /* BellTestAssignment */ = {
			isa = PBXNativeTarget;
			buildConfigurationList = 93FED1B22351B3AE0022D610 /* Build configuration list for PBXNativeTarget "BellTestAssignment" */;
			buildPhases = (
				7D0C22509D2FABB010298412 /* [CP] Check Pods Manifest.lock */,
				93FED1842351B3AC0022D610 /* Sources */,
				93FED1852351B3AC0022D610 /* Frameworks */,
				93FED1862351B3AC0022D610 /* Resources */,
				93CE75BB2352011100BDF877 /* Embed Frameworks */,
				5D0602C25F289B701BDFE7D7 /* [CP] Embed Pods Frameworks */,
				844134C338083B9ECA915938 /* [CP] Copy Pods Resources */,
			);
			buildRules = (
			);
			dependencies = (
			);
			name = BellTestAssignment;
			productName = BellTestAssignment;
			productReference = 93FED1882351B3AC0022D610 /* Bell Test App.app */;
			productType = "com.apple.product-type.application";
		};
		93FED19D2351B3AE0022D610 /* BellTestAssignmentTests */ = {
			isa = PBXNativeTarget;
			buildConfigurationList = 93FED1B52351B3AE0022D610 /* Build configuration list for PBXNativeTarget "BellTestAssignmentTests" */;
			buildPhases = (
				2CAA8621FD6D987130A9AF46 /* [CP] Check Pods Manifest.lock */,
				93FED19A2351B3AE0022D610 /* Sources */,
				93FED19B2351B3AE0022D610 /* Frameworks */,
				93FED19C2351B3AE0022D610 /* Resources */,
			);
			buildRules = (
			);
			dependencies = (
				93FED1A02351B3AE0022D610 /* PBXTargetDependency */,
			);
			name = BellTestAssignmentTests;
			productName = BellTestAssignmentTests;
			productReference = 93FED19E2351B3AE0022D610 /* BellTestAssignmentTests.xctest */;
			productType = "com.apple.product-type.bundle.unit-test";
		};
		93FED1A82351B3AE0022D610 /* BellTestAssignmentUITests */ = {
			isa = PBXNativeTarget;
			buildConfigurationList = 93FED1B82351B3AE0022D610 /* Build configuration list for PBXNativeTarget "BellTestAssignmentUITests" */;
			buildPhases = (
				5B24AF0278C425064BE8FA94 /* [CP] Check Pods Manifest.lock */,
				93FED1A52351B3AE0022D610 /* Sources */,
				93FED1A62351B3AE0022D610 /* Frameworks */,
				93FED1A72351B3AE0022D610 /* Resources */,
			);
			buildRules = (
			);
			dependencies = (
				93FED1AB2351B3AE0022D610 /* PBXTargetDependency */,
			);
			name = BellTestAssignmentUITests;
			productName = BellTestAssignmentUITests;
			productReference = 93FED1A92351B3AE0022D610 /* BellTestAssignmentUITests.xctest */;
			productType = "com.apple.product-type.bundle.ui-testing";
		};
/* End PBXNativeTarget section */

/* Begin PBXProject section */
		93FED1802351B3AC0022D610 /* Project object */ = {
			isa = PBXProject;
			attributes = {
				LastSwiftUpdateCheck = 1100;
				LastUpgradeCheck = 1100;
				ORGANIZATIONNAME = "Andre Kvashuk";
				TargetAttributes = {
					93FED1872351B3AC0022D610 = {
						CreatedOnToolsVersion = 11.0;
					};
					93FED19D2351B3AE0022D610 = {
						CreatedOnToolsVersion = 11.0;
						TestTargetID = 93FED1872351B3AC0022D610;
					};
					93FED1A82351B3AE0022D610 = {
						CreatedOnToolsVersion = 11.0;
						TestTargetID = 93FED1872351B3AC0022D610;
					};
				};
			};
			buildConfigurationList = 93FED1832351B3AC0022D610 /* Build configuration list for PBXProject "BellTestAssignment" */;
			compatibilityVersion = "Xcode 9.3";
			developmentRegion = en;
			hasScannedForEncodings = 0;
			knownRegions = (
				en,
				Base,
			);
			mainGroup = 93FED17F2351B3AC0022D610;
			productRefGroup = 93FED1892351B3AC0022D610 /* Products */;
			projectDirPath = "";
			projectRoot = "";
			targets = (
				93FED1872351B3AC0022D610 /* BellTestAssignment */,
				93FED19D2351B3AE0022D610 /* BellTestAssignmentTests */,
				93FED1A82351B3AE0022D610 /* BellTestAssignmentUITests */,
			);
		};
/* End PBXProject section */

/* Begin PBXResourcesBuildPhase section */
		93FED1862351B3AC0022D610 /* Resources */ = {
			isa = PBXResourcesBuildPhase;
			buildActionMask = 2147483647;
			files = (
				93FED1982351B3AE0022D610 /* LaunchScreen.storyboard in Resources */,
				9301B95C235329A400E4FE93 /* SearchViewController.xib in Resources */,
				93FED1952351B3AE0022D610 /* Assets.xcassets in Resources */,
				93FED1C42351BDF30022D610 /* MapViewController.xib in Resources */,
				93CE75CC235260AC00BDF877 /* DetailViewController.xib in Resources */,
				9301B9732353994600E4FE93 /* LoginViewController.xib in Resources */,
				9301B968235350F100E4FE93 /* TweetwCell.xib in Resources */,
			);
			runOnlyForDeploymentPostprocessing = 0;
		};
		93FED19C2351B3AE0022D610 /* Resources */ = {
			isa = PBXResourcesBuildPhase;
			buildActionMask = 2147483647;
			files = (
			);
			runOnlyForDeploymentPostprocessing = 0;
		};
		93FED1A72351B3AE0022D610 /* Resources */ = {
			isa = PBXResourcesBuildPhase;
			buildActionMask = 2147483647;
			files = (
			);
			runOnlyForDeploymentPostprocessing = 0;
		};
/* End PBXResourcesBuildPhase section */

/* Begin PBXShellScriptBuildPhase section */
		2CAA8621FD6D987130A9AF46 /* [CP] Check Pods Manifest.lock */ = {
			isa = PBXShellScriptBuildPhase;
			buildActionMask = 2147483647;
			files = (
			);
			inputFileListPaths = (
			);
			inputPaths = (
				"${PODS_PODFILE_DIR_PATH}/Podfile.lock",
				"${PODS_ROOT}/Manifest.lock",
			);
			name = "[CP] Check Pods Manifest.lock";
			outputFileListPaths = (
			);
			outputPaths = (
				"$(DERIVED_FILE_DIR)/Pods-BellTestAssignmentTests-checkManifestLockResult.txt",
			);
			runOnlyForDeploymentPostprocessing = 0;
			shellPath = /bin/sh;
			shellScript = "diff \"${PODS_PODFILE_DIR_PATH}/Podfile.lock\" \"${PODS_ROOT}/Manifest.lock\" > /dev/null\nif [ $? != 0 ] ; then\n    # print error to STDERR\n    echo \"error: The sandbox is not in sync with the Podfile.lock. Run 'pod install' or update your CocoaPods installation.\" >&2\n    exit 1\nfi\n# This output is used by Xcode 'outputs' to avoid re-running this script phase.\necho \"SUCCESS\" > \"${SCRIPT_OUTPUT_FILE_0}\"\n";
			showEnvVarsInLog = 0;
		};
		5B24AF0278C425064BE8FA94 /* [CP] Check Pods Manifest.lock */ = {
			isa = PBXShellScriptBuildPhase;
			buildActionMask = 2147483647;
			files = (
			);
			inputFileListPaths = (
			);
			inputPaths = (
				"${PODS_PODFILE_DIR_PATH}/Podfile.lock",
				"${PODS_ROOT}/Manifest.lock",
			);
			name = "[CP] Check Pods Manifest.lock";
			outputFileListPaths = (
			);
			outputPaths = (
				"$(DERIVED_FILE_DIR)/Pods-BellTestAssignmentUITests-checkManifestLockResult.txt",
			);
			runOnlyForDeploymentPostprocessing = 0;
			shellPath = /bin/sh;
			shellScript = "diff \"${PODS_PODFILE_DIR_PATH}/Podfile.lock\" \"${PODS_ROOT}/Manifest.lock\" > /dev/null\nif [ $? != 0 ] ; then\n    # print error to STDERR\n    echo \"error: The sandbox is not in sync with the Podfile.lock. Run 'pod install' or update your CocoaPods installation.\" >&2\n    exit 1\nfi\n# This output is used by Xcode 'outputs' to avoid re-running this script phase.\necho \"SUCCESS\" > \"${SCRIPT_OUTPUT_FILE_0}\"\n";
			showEnvVarsInLog = 0;
		};
		5D0602C25F289B701BDFE7D7 /* [CP] Embed Pods Frameworks */ = {
			isa = PBXShellScriptBuildPhase;
			buildActionMask = 2147483647;
			files = (
			);
			inputFileListPaths = (
			);
			inputPaths = (
				"${SRCROOT}/Pods/Target Support Files/Pods-BellTestAssignment/Pods-BellTestAssignment-frameworks.sh",
				"${BUILT_PRODUCTS_DIR}/RxAtomic/RxAtomic.framework",
				"${BUILT_PRODUCTS_DIR}/RxSwift/RxSwift.framework",
				"${PODS_ROOT}/TwitterCore/iOS/TwitterCore.framework",
				"${PODS_ROOT}/TwitterKit/iOS/TwitterKit.framework",
			);
			name = "[CP] Embed Pods Frameworks";
			outputFileListPaths = (
			);
			outputPaths = (
				"${TARGET_BUILD_DIR}/${FRAMEWORKS_FOLDER_PATH}/RxAtomic.framework",
				"${TARGET_BUILD_DIR}/${FRAMEWORKS_FOLDER_PATH}/RxSwift.framework",
				"${TARGET_BUILD_DIR}/${FRAMEWORKS_FOLDER_PATH}/TwitterCore.framework",
				"${TARGET_BUILD_DIR}/${FRAMEWORKS_FOLDER_PATH}/TwitterKit.framework",
			);
			runOnlyForDeploymentPostprocessing = 0;
			shellPath = /bin/sh;
			shellScript = "\"${SRCROOT}/Pods/Target Support Files/Pods-BellTestAssignment/Pods-BellTestAssignment-frameworks.sh\"\n";
			showEnvVarsInLog = 0;
		};
		7D0C22509D2FABB010298412 /* [CP] Check Pods Manifest.lock */ = {
			isa = PBXShellScriptBuildPhase;
			buildActionMask = 2147483647;
			files = (
			);
			inputFileListPaths = (
			);
			inputPaths = (
				"${PODS_PODFILE_DIR_PATH}/Podfile.lock",
				"${PODS_ROOT}/Manifest.lock",
			);
			name = "[CP] Check Pods Manifest.lock";
			outputFileListPaths = (
			);
			outputPaths = (
				"$(DERIVED_FILE_DIR)/Pods-BellTestAssignment-checkManifestLockResult.txt",
			);
			runOnlyForDeploymentPostprocessing = 0;
			shellPath = /bin/sh;
			shellScript = "diff \"${PODS_PODFILE_DIR_PATH}/Podfile.lock\" \"${PODS_ROOT}/Manifest.lock\" > /dev/null\nif [ $? != 0 ] ; then\n    # print error to STDERR\n    echo \"error: The sandbox is not in sync with the Podfile.lock. Run 'pod install' or update your CocoaPods installation.\" >&2\n    exit 1\nfi\n# This output is used by Xcode 'outputs' to avoid re-running this script phase.\necho \"SUCCESS\" > \"${SCRIPT_OUTPUT_FILE_0}\"\n";
			showEnvVarsInLog = 0;
		};
		844134C338083B9ECA915938 /* [CP] Copy Pods Resources */ = {
			isa = PBXShellScriptBuildPhase;
			buildActionMask = 2147483647;
			files = (
			);
			inputFileListPaths = (
			);
			inputPaths = (
				"${SRCROOT}/Pods/Target Support Files/Pods-BellTestAssignment/Pods-BellTestAssignment-resources.sh",
				"${PODS_ROOT}/TwitterKit/iOS/TwitterKit.framework/TwitterKitResources.bundle",
			);
			name = "[CP] Copy Pods Resources";
			outputFileListPaths = (
			);
			outputPaths = (
				"${TARGET_BUILD_DIR}/${UNLOCALIZED_RESOURCES_FOLDER_PATH}/TwitterKitResources.bundle",
			);
			runOnlyForDeploymentPostprocessing = 0;
			shellPath = /bin/sh;
			shellScript = "\"${SRCROOT}/Pods/Target Support Files/Pods-BellTestAssignment/Pods-BellTestAssignment-resources.sh\"\n";
			showEnvVarsInLog = 0;
		};
/* End PBXShellScriptBuildPhase section */

/* Begin PBXSourcesBuildPhase section */
		93FED1842351B3AC0022D610 /* Sources */ = {
			isa = PBXSourcesBuildPhase;
			buildActionMask = 2147483647;
			files = (
				9301B95E2353331D00E4FE93 /* SearchViewModel.swift in Sources */,
				9301B97F23546DC600E4FE93 /* RadiusSearchResponse.swift in Sources */,
				9301B97523546AD600E4FE93 /* NSObject+ClassName.swift in Sources */,
				9301B96A235357D000E4FE93 /* UITableViewCell+ReuseId.swift in Sources */,
				93EBDB7F235474B700CDEE65 /* TWTRAPIClient+PTwitterClient.swift in Sources */,
				93CE75D02352623C00BDF877 /* DetailModel.swift in Sources */,
				93FED18C2351B3AC0022D610 /* AppDelegate.swift in Sources */,
				93EBDB822354779000CDEE65 /* Response.swift in Sources */,
				93CE75B02351CB9A00BDF877 /* AppCoordinator.swift in Sources */,
				93FED1C82351BF1F0022D610 /* MapModel.swift in Sources */,
				9301B96C2353673B00E4FE93 /* String+Ext.swift in Sources */,
				93CE75D22352733700BDF877 /* UIImageView+URL.swift in Sources */,
				93CE75CB235260AC00BDF877 /* DetailViewController.swift in Sources */,
				9301B97D23546D5100E4FE93 /* SearchMetaData.swift in Sources */,
				9301B9722353994600E4FE93 /* LoginViewController.swift in Sources */,
				93CE75CE235261E000BDF877 /* DetailViewModel.swift in Sources */,
				9301B967235350F100E4FE93 /* TweetwCell.swift in Sources */,
				9301B97723546C6300E4FE93 /* Data+Parsing.swift in Sources */,
				93CE75AD2351CA0B00BDF877 /* BaseViewController.swift in Sources */,
				93CE75BD235203AF00BDF877 /* LocationManager.swift in Sources */,
				9301B97B23546D1F00E4FE93 /* NSError+CustomErrors.swift in Sources */,
				9301B96E235398C700E4FE93 /* LoginCoordinator.swift in Sources */,
				9301B9602353338400E4FE93 /* SearchModel.swift in Sources */,
				93CE75B32351D0FF00BDF877 /* Constants.swift in Sources */,
				9301B97923546CF400E4FE93 /* TWTRTweet+Parsing.swift in Sources */,
				93FED1C32351BDF30022D610 /* MapViewController.swift in Sources */,
				9301B96323534D7A00E4FE93 /* SearchTableDataSource.swift in Sources */,
				93FED1C62351BF110022D610 /* MapViewModel.swift in Sources */,
				93CE75C223521D6300BDF877 /* Place.swift in Sources */,
				93CE75BF235207D900BDF877 /* TweetSearchService.swift in Sources */,
				93CE75C423521F1400BDF877 /* Tweet.swift in Sources */,
				9301B95B235329A400E4FE93 /* SearchViewController.swift in Sources */,
				93CE75C72352266B00BDF877 /* MapView+Tweet.swift in Sources */,
			);
			runOnlyForDeploymentPostprocessing = 0;
		};
		93FED19A2351B3AE0022D610 /* Sources */ = {
			isa = PBXSourcesBuildPhase;
			buildActionMask = 2147483647;
			files = (
				93FED1A32351B3AE0022D610 /* BellTestAssignmentTests.swift in Sources */,
			);
			runOnlyForDeploymentPostprocessing = 0;
		};
		93FED1A52351B3AE0022D610 /* Sources */ = {
			isa = PBXSourcesBuildPhase;
			buildActionMask = 2147483647;
			files = (
				93FED1AE2351B3AE0022D610 /* BellTestAssignmentUITests.swift in Sources */,
			);
			runOnlyForDeploymentPostprocessing = 0;
		};
/* End PBXSourcesBuildPhase section */

/* Begin PBXTargetDependency section */
		93FED1A02351B3AE0022D610 /* PBXTargetDependency */ = {
			isa = PBXTargetDependency;
			target = 93FED1872351B3AC0022D610 /* BellTestAssignment */;
			targetProxy = 93FED19F2351B3AE0022D610 /* PBXContainerItemProxy */;
		};
		93FED1AB2351B3AE0022D610 /* PBXTargetDependency */ = {
			isa = PBXTargetDependency;
			target = 93FED1872351B3AC0022D610 /* BellTestAssignment */;
			targetProxy = 93FED1AA2351B3AE0022D610 /* PBXContainerItemProxy */;
		};
/* End PBXTargetDependency section */

/* Begin PBXVariantGroup section */
		93FED1962351B3AE0022D610 /* LaunchScreen.storyboard */ = {
			isa = PBXVariantGroup;
			children = (
				93FED1972351B3AE0022D610 /* Base */,
			);
			name = LaunchScreen.storyboard;
			sourceTree = "<group>";
		};
/* End PBXVariantGroup section */

/* Begin XCBuildConfiguration section */
		93FED1B02351B3AE0022D610 /* Debug */ = {
			isa = XCBuildConfiguration;
			buildSettings = {
				ALWAYS_SEARCH_USER_PATHS = NO;
				CLANG_ANALYZER_NONNULL = YES;
				CLANG_ANALYZER_NUMBER_OBJECT_CONVERSION = YES_AGGRESSIVE;
				CLANG_CXX_LANGUAGE_STANDARD = "gnu++14";
				CLANG_CXX_LIBRARY = "libc++";
				CLANG_ENABLE_MODULES = YES;
				CLANG_ENABLE_OBJC_ARC = YES;
				CLANG_ENABLE_OBJC_WEAK = YES;
				CLANG_WARN_BLOCK_CAPTURE_AUTORELEASING = YES;
				CLANG_WARN_BOOL_CONVERSION = YES;
				CLANG_WARN_COMMA = YES;
				CLANG_WARN_CONSTANT_CONVERSION = YES;
				CLANG_WARN_DEPRECATED_OBJC_IMPLEMENTATIONS = YES;
				CLANG_WARN_DIRECT_OBJC_ISA_USAGE = YES_ERROR;
				CLANG_WARN_DOCUMENTATION_COMMENTS = YES;
				CLANG_WARN_EMPTY_BODY = YES;
				CLANG_WARN_ENUM_CONVERSION = YES;
				CLANG_WARN_INFINITE_RECURSION = YES;
				CLANG_WARN_INT_CONVERSION = YES;
				CLANG_WARN_NON_LITERAL_NULL_CONVERSION = YES;
				CLANG_WARN_OBJC_IMPLICIT_RETAIN_SELF = YES;
				CLANG_WARN_OBJC_LITERAL_CONVERSION = YES;
				CLANG_WARN_OBJC_ROOT_CLASS = YES_ERROR;
				CLANG_WARN_RANGE_LOOP_ANALYSIS = YES;
				CLANG_WARN_STRICT_PROTOTYPES = YES;
				CLANG_WARN_SUSPICIOUS_MOVE = YES;
				CLANG_WARN_UNGUARDED_AVAILABILITY = YES_AGGRESSIVE;
				CLANG_WARN_UNREACHABLE_CODE = YES;
				CLANG_WARN__DUPLICATE_METHOD_MATCH = YES;
				COPY_PHASE_STRIP = NO;
				DEBUG_INFORMATION_FORMAT = dwarf;
				ENABLE_STRICT_OBJC_MSGSEND = YES;
				ENABLE_TESTABILITY = YES;
				GCC_C_LANGUAGE_STANDARD = gnu11;
				GCC_DYNAMIC_NO_PIC = NO;
				GCC_NO_COMMON_BLOCKS = YES;
				GCC_OPTIMIZATION_LEVEL = 0;
				GCC_PREPROCESSOR_DEFINITIONS = (
					"DEBUG=1",
					"$(inherited)",
				);
				GCC_WARN_64_TO_32_BIT_CONVERSION = YES;
				GCC_WARN_ABOUT_RETURN_TYPE = YES_ERROR;
				GCC_WARN_UNDECLARED_SELECTOR = YES;
				GCC_WARN_UNINITIALIZED_AUTOS = YES_AGGRESSIVE;
				GCC_WARN_UNUSED_FUNCTION = YES;
				GCC_WARN_UNUSED_VARIABLE = YES;
				IPHONEOS_DEPLOYMENT_TARGET = 12.0;
				MTL_ENABLE_DEBUG_INFO = INCLUDE_SOURCE;
				MTL_FAST_MATH = YES;
				ONLY_ACTIVE_ARCH = YES;
				SDKROOT = iphoneos;
				SWIFT_ACTIVE_COMPILATION_CONDITIONS = DEBUG;
				SWIFT_OPTIMIZATION_LEVEL = "-Onone";
			};
			name = Debug;
		};
		93FED1B12351B3AE0022D610 /* Release */ = {
			isa = XCBuildConfiguration;
			buildSettings = {
				ALWAYS_SEARCH_USER_PATHS = NO;
				CLANG_ANALYZER_NONNULL = YES;
				CLANG_ANALYZER_NUMBER_OBJECT_CONVERSION = YES_AGGRESSIVE;
				CLANG_CXX_LANGUAGE_STANDARD = "gnu++14";
				CLANG_CXX_LIBRARY = "libc++";
				CLANG_ENABLE_MODULES = YES;
				CLANG_ENABLE_OBJC_ARC = YES;
				CLANG_ENABLE_OBJC_WEAK = YES;
				CLANG_WARN_BLOCK_CAPTURE_AUTORELEASING = YES;
				CLANG_WARN_BOOL_CONVERSION = YES;
				CLANG_WARN_COMMA = YES;
				CLANG_WARN_CONSTANT_CONVERSION = YES;
				CLANG_WARN_DEPRECATED_OBJC_IMPLEMENTATIONS = YES;
				CLANG_WARN_DIRECT_OBJC_ISA_USAGE = YES_ERROR;
				CLANG_WARN_DOCUMENTATION_COMMENTS = YES;
				CLANG_WARN_EMPTY_BODY = YES;
				CLANG_WARN_ENUM_CONVERSION = YES;
				CLANG_WARN_INFINITE_RECURSION = YES;
				CLANG_WARN_INT_CONVERSION = YES;
				CLANG_WARN_NON_LITERAL_NULL_CONVERSION = YES;
				CLANG_WARN_OBJC_IMPLICIT_RETAIN_SELF = YES;
				CLANG_WARN_OBJC_LITERAL_CONVERSION = YES;
				CLANG_WARN_OBJC_ROOT_CLASS = YES_ERROR;
				CLANG_WARN_RANGE_LOOP_ANALYSIS = YES;
				CLANG_WARN_STRICT_PROTOTYPES = YES;
				CLANG_WARN_SUSPICIOUS_MOVE = YES;
				CLANG_WARN_UNGUARDED_AVAILABILITY = YES_AGGRESSIVE;
				CLANG_WARN_UNREACHABLE_CODE = YES;
				CLANG_WARN__DUPLICATE_METHOD_MATCH = YES;
				COPY_PHASE_STRIP = NO;
				DEBUG_INFORMATION_FORMAT = "dwarf-with-dsym";
				ENABLE_NS_ASSERTIONS = NO;
				ENABLE_STRICT_OBJC_MSGSEND = YES;
				GCC_C_LANGUAGE_STANDARD = gnu11;
				GCC_NO_COMMON_BLOCKS = YES;
				GCC_WARN_64_TO_32_BIT_CONVERSION = YES;
				GCC_WARN_ABOUT_RETURN_TYPE = YES_ERROR;
				GCC_WARN_UNDECLARED_SELECTOR = YES;
				GCC_WARN_UNINITIALIZED_AUTOS = YES_AGGRESSIVE;
				GCC_WARN_UNUSED_FUNCTION = YES;
				GCC_WARN_UNUSED_VARIABLE = YES;
				IPHONEOS_DEPLOYMENT_TARGET = 12.0;
				MTL_ENABLE_DEBUG_INFO = NO;
				MTL_FAST_MATH = YES;
				SDKROOT = iphoneos;
				SWIFT_COMPILATION_MODE = wholemodule;
				SWIFT_OPTIMIZATION_LEVEL = "-O";
				VALIDATE_PRODUCT = YES;
			};
			name = Release;
		};
		93FED1B32351B3AE0022D610 /* Debug */ = {
			isa = XCBuildConfiguration;
			baseConfigurationReference = B4F05924782443C16C6C80FA /* Pods-BellTestAssignment.debug.xcconfig */;
			buildSettings = {
				ASSETCATALOG_COMPILER_APPICON_NAME = AppIcon;
				CODE_SIGN_IDENTITY = "Apple Development";
				CODE_SIGN_STYLE = Automatic;
				DEVELOPMENT_TEAM = K9U45N8FBN;
				INFOPLIST_FILE = BellTestAssignment/Info.plist;
				IPHONEOS_DEPLOYMENT_TARGET = 11.0;
				LD_RUNPATH_SEARCH_PATHS = (
					"$(inherited)",
					"@executable_path/Frameworks",
				);
				PRODUCT_BUNDLE_IDENTIFIER = kvakTest.BellTestAssignmentp;
				PRODUCT_NAME = "Bell Test App";
				PROVISIONING_PROFILE_SPECIFIER = "";
				SWIFT_VERSION = 5.0;
				TARGETED_DEVICE_FAMILY = 1;
			};
			name = Debug;
		};
		93FED1B42351B3AE0022D610 /* Release */ = {
			isa = XCBuildConfiguration;
			baseConfigurationReference = B6B50F11FEADCD0710D74D35 /* Pods-BellTestAssignment.release.xcconfig */;
			buildSettings = {
				ASSETCATALOG_COMPILER_APPICON_NAME = AppIcon;
				CODE_SIGN_STYLE = Manual;
				DEVELOPMENT_TEAM = "";
				INFOPLIST_FILE = BellTestAssignment/Info.plist;
				IPHONEOS_DEPLOYMENT_TARGET = 11.0;
				LD_RUNPATH_SEARCH_PATHS = (
					"$(inherited)",
					"@executable_path/Frameworks",
				);
				PRODUCT_BUNDLE_IDENTIFIER = kvakTest.BellTestAssignment;
				PRODUCT_NAME = "Bell Test App";
				PROVISIONING_PROFILE_SPECIFIER = "";
				SWIFT_VERSION = 5.0;
				TARGETED_DEVICE_FAMILY = 1;
			};
			name = Release;
		};
		93FED1B62351B3AE0022D610 /* Debug */ = {
			isa = XCBuildConfiguration;
			baseConfigurationReference = 41CA59BBC5D4938BC92D6ACC /* Pods-BellTestAssignmentTests.debug.xcconfig */;
			buildSettings = {
				ALWAYS_EMBED_SWIFT_STANDARD_LIBRARIES = YES;
				BUNDLE_LOADER = "$(TEST_HOST)";
				CODE_SIGN_STYLE = Automatic;
				INFOPLIST_FILE = BellTestAssignmentTests/Info.plist;
				IPHONEOS_DEPLOYMENT_TARGET = 13.0;
				LD_RUNPATH_SEARCH_PATHS = (
					"$(inherited)",
					"@executable_path/Frameworks",
					"@loader_path/Frameworks",
				);
				PRODUCT_BUNDLE_IDENTIFIER = kvakTest.BellTestAssignmentTests;
				PRODUCT_NAME = "$(TARGET_NAME)";
				SWIFT_VERSION = 5.0;
				TARGETED_DEVICE_FAMILY = "1,2";
				TEST_HOST = "$(BUILT_PRODUCTS_DIR)/Bell Test App.app/Bell Test App";
			};
			name = Debug;
		};
		93FED1B72351B3AE0022D610 /* Release */ = {
			isa = XCBuildConfiguration;
			baseConfigurationReference = 264D30BB9BE2E57799DA3B1D /* Pods-BellTestAssignmentTests.release.xcconfig */;
			buildSettings = {
				ALWAYS_EMBED_SWIFT_STANDARD_LIBRARIES = YES;
				BUNDLE_LOADER = "$(TEST_HOST)";
				CODE_SIGN_STYLE = Automatic;
				INFOPLIST_FILE = BellTestAssignmentTests/Info.plist;
				IPHONEOS_DEPLOYMENT_TARGET = 13.0;
				LD_RUNPATH_SEARCH_PATHS = (
					"$(inherited)",
					"@executable_path/Frameworks",
					"@loader_path/Frameworks",
				);
				PRODUCT_BUNDLE_IDENTIFIER = kvakTest.BellTestAssignmentTests;
				PRODUCT_NAME = "$(TARGET_NAME)";
				SWIFT_VERSION = 5.0;
				TARGETED_DEVICE_FAMILY = "1,2";
				TEST_HOST = "$(BUILT_PRODUCTS_DIR)/Bell Test App.app/Bell Test App";
			};
			name = Release;
		};
		93FED1B92351B3AE0022D610 /* Debug */ = {
			isa = XCBuildConfiguration;
			baseConfigurationReference = E82D7D1F1D43D00A1F598031 /* Pods-BellTestAssignmentUITests.debug.xcconfig */;
			buildSettings = {
				ALWAYS_EMBED_SWIFT_STANDARD_LIBRARIES = YES;
				CODE_SIGN_STYLE = Automatic;
				INFOPLIST_FILE = BellTestAssignmentUITests/Info.plist;
				LD_RUNPATH_SEARCH_PATHS = (
					"$(inherited)",
					"@executable_path/Frameworks",
					"@loader_path/Frameworks",
				);
				PRODUCT_BUNDLE_IDENTIFIER = kvakTest.BellTestAssignmentUITests;
				PRODUCT_NAME = "$(TARGET_NAME)";
				SWIFT_VERSION = 5.0;
				TARGETED_DEVICE_FAMILY = "1,2";
				TEST_TARGET_NAME = BellTestAssignment;
			};
			name = Debug;
		};
		93FED1BA2351B3AE0022D610 /* Release */ = {
			isa = XCBuildConfiguration;
			baseConfigurationReference = 3DB73A1DDF8A34807D4D9FDE /* Pods-BellTestAssignmentUITests.release.xcconfig */;
			buildSettings = {
				ALWAYS_EMBED_SWIFT_STANDARD_LIBRARIES = YES;
				CODE_SIGN_STYLE = Automatic;
				INFOPLIST_FILE = BellTestAssignmentUITests/Info.plist;
				LD_RUNPATH_SEARCH_PATHS = (
					"$(inherited)",
					"@executable_path/Frameworks",
					"@loader_path/Frameworks",
				);
				PRODUCT_BUNDLE_IDENTIFIER = kvakTest.BellTestAssignmentUITests;
				PRODUCT_NAME = "$(TARGET_NAME)";
				SWIFT_VERSION = 5.0;
				TARGETED_DEVICE_FAMILY = "1,2";
				TEST_TARGET_NAME = BellTestAssignment;
			};
			name = Release;
		};
/* End XCBuildConfiguration section */

/* Begin XCConfigurationList section */
		93FED1832351B3AC0022D610 /* Build configuration list for PBXProject "BellTestAssignment" */ = {
			isa = XCConfigurationList;
			buildConfigurations = (
				93FED1B02351B3AE0022D610 /* Debug */,
				93FED1B12351B3AE0022D610 /* Release */,
			);
			defaultConfigurationIsVisible = 0;
			defaultConfigurationName = Release;
		};
		93FED1B22351B3AE0022D610 /* Build configuration list for PBXNativeTarget "BellTestAssignment" */ = {
			isa = XCConfigurationList;
			buildConfigurations = (
				93FED1B32351B3AE0022D610 /* Debug */,
				93FED1B42351B3AE0022D610 /* Release */,
			);
			defaultConfigurationIsVisible = 0;
			defaultConfigurationName = Release;
		};
		93FED1B52351B3AE0022D610 /* Build configuration list for PBXNativeTarget "BellTestAssignmentTests" */ = {
			isa = XCConfigurationList;
			buildConfigurations = (
				93FED1B62351B3AE0022D610 /* Debug */,
				93FED1B72351B3AE0022D610 /* Release */,
			);
			defaultConfigurationIsVisible = 0;
			defaultConfigurationName = Release;
		};
		93FED1B82351B3AE0022D610 /* Build configuration list for PBXNativeTarget "BellTestAssignmentUITests" */ = {
			isa = XCConfigurationList;
			buildConfigurations = (
				93FED1B92351B3AE0022D610 /* Debug */,
				93FED1BA2351B3AE0022D610 /* Release */,
			);
			defaultConfigurationIsVisible = 0;
			defaultConfigurationName = Release;
		};
/* End XCConfigurationList section */
	};
	rootObject = 93FED1802351B3AC0022D610 /* Project object */;
}
